// !$*UTF8*$!
{
	archiveVersion = 1;
	classes = {
	};
	objectVersion = 77;
	objects = {

/* Begin PBXBuildFile section */
		9245551F2F646B78004BC7AC /* GoogleService-Info.plist in Resources */ = {isa = PBXBuildFile; fileRef = 9245551E2F646B78004BC7AC /* GoogleService-Info.plist */; };
		924555252F647313004BC7AC /* FirebaseCore in Frameworks */ = {isa = PBXBuildFile; productRef = 924555242F647313004BC7AC /* FirebaseCore */; };
		924555272F647320004BC7AC /* FirebaseAuth in Frameworks */ = {isa = PBXBuildFile; productRef = 924555262F647320004BC7AC /* FirebaseAuth */; };
		924555292F647328004BC7AC /* FirebaseFirestore in Frameworks */ = {isa = PBXBuildFile; productRef = 924555282F647328004BC7AC /* FirebaseFirestore */; };
/* End PBXBuildFile section */

/* Begin PBXContainerItemProxy section */
		C3F67CBB2F579BFA00B9A5CE /* PBXContainerItemProxy */ = {
			isa = PBXContainerItemProxy;
			containerPortal = C3F67CA52F579BF800B9A5CE /* Project object */;
			proxyType = 1;
			remoteGlobalIDString = C3F67CAC2F579BF800B9A5CE;
			remoteInfo = SocialLocations;
		};
		C3F67CC52F579BFA00B9A5CE /* PBXContainerItemProxy */ = {
			isa = PBXContainerItemProxy;
			containerPortal = C3F67CA52F579BF800B9A5CE /* Project object */;
			proxyType = 1;
			remoteGlobalIDString = C3F67CAC2F579BF800B9A5CE;
			remoteInfo = SocialLocations;
		};
/* End PBXContainerItemProxy section */

/* Begin PBXFileReference section */
		9245551E2F646B78004BC7AC /* GoogleService-Info.plist */ = {isa = PBXFileReference; lastKnownFileType = text.plist.xml; path = "GoogleService-Info.plist"; sourceTree = "<group>"; };
		C3F67CAD2F579BF800B9A5CE /* SocialLocations.app */ = {isa = PBXFileReference; explicitFileType = wrapper.application; includeInIndex = 0; path = SocialLocations.app; sourceTree = BUILT_PRODUCTS_DIR; };
		C3F67CBA2F579BFA00B9A5CE /* SocialLocationsTests.xctest */ = {isa = PBXFileReference; explicitFileType = wrapper.cfbundle; includeInIndex = 0; path = SocialLocationsTests.xctest; sourceTree = BUILT_PRODUCTS_DIR; };
		C3F67CC42F579BFA00B9A5CE /* SocialLocationsUITests.xctest */ = {isa = PBXFileReference; explicitFileType = wrapper.cfbundle; includeInIndex = 0; path = SocialLocationsUITests.xctest; sourceTree = BUILT_PRODUCTS_DIR; };
/* End PBXFileReference section */

/* Begin PBXFileSystemSynchronizedRootGroup section */
		C3F67CAF2F579BF800B9A5CE /* SocialLocations */ = {
			isa = PBXFileSystemSynchronizedRootGroup;
			path = SocialLocations;
			sourceTree = "<group>";
		};
		C3F67CBD2F579BFA00B9A5CE /* SocialLocationsTests */ = {
			isa = PBXFileSystemSynchronizedRootGroup;
			path = SocialLocationsTests;
			sourceTree = "<group>";
		};
		C3F67CC72F579BFA00B9A5CE /* SocialLocationsUITests */ = {
			isa = PBXFileSystemSynchronizedRootGroup;
			path = SocialLocationsUITests;
			sourceTree = "<group>";
		};
/* End PBXFileSystemSynchronizedRootGroup section */

/* Begin PBXFrameworksBuildPhase section */
		C3F67CAA2F579BF800B9A5CE /* Frameworks */ = {
			isa = PBXFrameworksBuildPhase;
			buildActionMask = 2147483647;
			files = (
				924555252F647313004BC7AC /* FirebaseCore in Frameworks */,
				924555272F647320004BC7AC /* FirebaseAuth in Frameworks */,
				924555292F647328004BC7AC /* FirebaseFirestore in Frameworks */,
			);
			runOnlyForDeploymentPostprocessing = 0;
		};
		C3F67CB72F579BFA00B9A5CE /* Frameworks */ = {
			isa = PBXFrameworksBuildPhase;
			buildActionMask = 2147483647;
			files = (
			);
			runOnlyForDeploymentPostprocessing = 0;
		};
		C3F67CC12F579BFA00B9A5CE /* Frameworks */ = {
			isa = PBXFrameworksBuildPhase;
			buildActionMask = 2147483647;
			files = (
			);
			runOnlyForDeploymentPostprocessing = 0;
		};
/* End PBXFrameworksBuildPhase section */

/* Begin PBXGroup section */
		924555232F647313004BC7AC /* Frameworks */ = {
			isa = PBXGroup;
			children = (
			);
			name = Frameworks;
			sourceTree = "<group>";
		};
		C3F67CA42F579BF800B9A5CE = {
			isa = PBXGroup;
			children = (
				C3F67CAF2F579BF800B9A5CE /* SocialLocations */,
				C3F67CBD2F579BFA00B9A5CE /* SocialLocationsTests */,
				C3F67CC72F579BFA00B9A5CE /* SocialLocationsUITests */,
				9245551E2F646B78004BC7AC /* GoogleService-Info.plist */,
				924555232F647313004BC7AC /* Frameworks */,
				C3F67CAE2F579BF800B9A5CE /* Products */,
			);
			sourceTree = "<group>";
		};
		C3F67CAE2F579BF800B9A5CE /* Products */ = {
			isa = PBXGroup;
			children = (
				C3F67CAD2F579BF800B9A5CE /* SocialLocations.app */,
				C3F67CBA2F579BFA00B9A5CE /* SocialLocationsTests.xctest */,
				C3F67CC42F579BFA00B9A5CE /* SocialLocationsUITests.xctest */,
			);
			name = Products;
			sourceTree = "<group>";
		};
/* End PBXGroup section */

/* Begin PBXNativeTarget section */
		C3F67CAC2F579BF800B9A5CE /* SocialLocations */ = {
			isa = PBXNativeTarget;
			buildConfigurationList = C3F67CCE2F579BFA00B9A5CE /* Build configuration list for PBXNativeTarget "SocialLocations" */;
			buildPhases = (
				C3F67CA92F579BF800B9A5CE /* Sources */,
				C3F67CAA2F579BF800B9A5CE /* Frameworks */,
				C3F67CAB2F579BF800B9A5CE /* Resources */,
			);
			buildRules = (
			);
			dependencies = (
			);
			fileSystemSynchronizedGroups = (
				C3F67CAF2F579BF800B9A5CE /* SocialLocations */,
			);
			name = SocialLocations;
			packageProductDependencies = (
				924555242F647313004BC7AC /* FirebaseCore */,
				924555262F647320004BC7AC /* FirebaseAuth */,
				924555282F647328004BC7AC /* FirebaseFirestore */,
			);
			productName = SocialLocations;
			productReference = C3F67CAD2F579BF800B9A5CE /* SocialLocations.app */;
			productType = "com.apple.product-type.application";
		};
		C3F67CB92F579BFA00B9A5CE /* SocialLocationsTests */ = {
			isa = PBXNativeTarget;
			buildConfigurationList = C3F67CD12F579BFA00B9A5CE /* Build configuration list for PBXNativeTarget "SocialLocationsTests" */;
			buildPhases = (
				C3F67CB62F579BFA00B9A5CE /* Sources */,
				C3F67CB72F579BFA00B9A5CE /* Frameworks */,
				C3F67CB82F579BFA00B9A5CE /* Resources */,
			);
			buildRules = (
			);
			dependencies = (
				C3F67CBC2F579BFA00B9A5CE /* PBXTargetDependency */,
			);
			fileSystemSynchronizedGroups = (
				C3F67CBD2F579BFA00B9A5CE /* SocialLocationsTests */,
			);
			name = SocialLocationsTests;
			packageProductDependencies = (
			);
			productName = SocialLocationsTests;
			productReference = C3F67CBA2F579BFA00B9A5CE /* SocialLocationsTests.xctest */;
			productType = "com.apple.product-type.bundle.unit-test";
		};
		C3F67CC32F579BFA00B9A5CE /* SocialLocationsUITests */ = {
			isa = PBXNativeTarget;
			buildConfigurationList = C3F67CD42F579BFA00B9A5CE /* Build configuration list for PBXNativeTarget "SocialLocationsUITests" */;
			buildPhases = (
				C3F67CC02F579BFA00B9A5CE /* Sources */,
				C3F67CC12F579BFA00B9A5CE /* Frameworks */,
				C3F67CC22F579BFA00B9A5CE /* Resources */,
			);
			buildRules = (
			);
			dependencies = (
				C3F67CC62F579BFA00B9A5CE /* PBXTargetDependency */,
			);
			fileSystemSynchronizedGroups = (
				C3F67CC72F579BFA00B9A5CE /* SocialLocationsUITests */,
			);
			name = SocialLocationsUITests;
			packageProductDependencies = (
			);
			productName = SocialLocationsUITests;
			productReference = C3F67CC42F579BFA00B9A5CE /* SocialLocationsUITests.xctest */;
			productType = "com.apple.product-type.bundle.ui-testing";
		};
/* End PBXNativeTarget section */

/* Begin PBXProject section */
		C3F67CA52F579BF800B9A5CE /* Project object */ = {
			isa = PBXProject;
			attributes = {
				BuildIndependentTargetsInParallel = 1;
				LastSwiftUpdateCheck = 2620;
				LastUpgradeCheck = 2620;
				TargetAttributes = {
					C3F67CAC2F579BF800B9A5CE = {
						CreatedOnToolsVersion = 26.2;
					};
					C3F67CB92F579BFA00B9A5CE = {
						CreatedOnToolsVersion = 26.2;
						TestTargetID = C3F67CAC2F579BF800B9A5CE;
					};
					C3F67CC32F579BFA00B9A5CE = {
						CreatedOnToolsVersion = 26.2;
						TestTargetID = C3F67CAC2F579BF800B9A5CE;
					};
				};
			};
			buildConfigurationList = C3F67CA82F579BF800B9A5CE /* Build configuration list for PBXProject "SocialLocations" */;
			developmentRegion = en;
			hasScannedForEncodings = 0;
			knownRegions = (
				en,
				Base,
			);
			mainGroup = C3F67CA42F579BF800B9A5CE;
			minimizedProjectReferenceProxies = 1;
			packageReferences = (
				924555202F646D43004BC7AC /* XCRemoteSwiftPackageReference "firebase-ios-sdk" */,
			);
			preferredProjectObjectVersion = 77;
			productRefGroup = C3F67CAE2F579BF800B9A5CE /* Products */;
			projectDirPath = "";
			projectRoot = "";
			targets = (
				C3F67CAC2F579BF800B9A5CE /* SocialLocations */,
				C3F67CB92F579BFA00B9A5CE /* SocialLocationsTests */,
				C3F67CC32F579BFA00B9A5CE /* SocialLocationsUITests */,
			);
		};
/* End PBXProject section */

/* Begin PBXResourcesBuildPhase section */
		C3F67CAB2F579BF800B9A5CE /* Resources */ = {
			isa = PBXResourcesBuildPhase;
			buildActionMask = 2147483647;
			files = (
				9245551F2F646B78004BC7AC /* GoogleService-Info.plist in Resources */,
			);
			runOnlyForDeploymentPostprocessing = 0;
		};
		C3F67CB82F579BFA00B9A5CE /* Resources */ = {
			isa = PBXResourcesBuildPhase;
			buildActionMask = 2147483647;
			files = (
			);
			runOnlyForDeploymentPostprocessing = 0;
		};
		C3F67CC22F579BFA00B9A5CE /* Resources */ = {
			isa = PBXResourcesBuildPhase;
			buildActionMask = 2147483647;
			files = (
			);
			runOnlyForDeploymentPostprocessing = 0;
		};
/* End PBXResourcesBuildPhase section */

/* Begin PBXSourcesBuildPhase section */
		C3F67CA92F579BF800B9A5CE /* Sources */ = {
			isa = PBXSourcesBuildPhase;
			buildActionMask = 2147483647;
			files = (
			);
			runOnlyForDeploymentPostprocessing = 0;
		};
		C3F67CB62F579BFA00B9A5CE /* Sources */ = {
			isa = PBXSourcesBuildPhase;
			buildActionMask = 2147483647;
			files = (
			);
			runOnlyForDeploymentPostprocessing = 0;
		};
		C3F67CC02F579BFA00B9A5CE /* Sources */ = {
			isa = PBXSourcesBuildPhase;
			buildActionMask = 2147483647;
			files = (
			);
			runOnlyForDeploymentPostprocessing = 0;
		};
/* End PBXSourcesBuildPhase section */

/* Begin PBXTargetDependency section */
		C3F67CBC2F579BFA00B9A5CE /* PBXTargetDependency */ = {
			isa = PBXTargetDependency;
			target = C3F67CAC2F579BF800B9A5CE /* SocialLocations */;
			targetProxy = C3F67CBB2F579BFA00B9A5CE /* PBXContainerItemProxy */;
		};
		C3F67CC62F579BFA00B9A5CE /* PBXTargetDependency */ = {
			isa = PBXTargetDependency;
			target = C3F67CAC2F579BF800B9A5CE /* SocialLocations */;
			targetProxy = C3F67CC52F579BFA00B9A5CE /* PBXContainerItemProxy */;
		};
/* End PBXTargetDependency section */

/* Begin XCBuildConfiguration section */
		C3F67CCC2F579BFA00B9A5CE /* Debug */ = {
			isa = XCBuildConfiguration;
			buildSettings = {
				ALWAYS_SEARCH_USER_PATHS = NO;
				ASSETCATALOG_COMPILER_GENERATE_SWIFT_ASSET_SYMBOL_EXTENSIONS = YES;
				CLANG_ANALYZER_NONNULL = YES;
				CLANG_ANALYZER_NUMBER_OBJECT_CONVERSION = YES_AGGRESSIVE;
				CLANG_CXX_LANGUAGE_STANDARD = "gnu++20";
				CLANG_ENABLE_MODULES = YES;
				CLANG_ENABLE_OBJC_ARC = YES;
				CLANG_ENABLE_OBJC_WEAK = YES;
				CLANG_WARN_BLOCK_CAPTURE_AUTORELEASING = YES;
				CLANG_WARN_BOOL_CONVERSION = YES;
				CLANG_WARN_COMMA = YES;
				CLANG_WARN_CONSTANT_CONVERSION = YES;
				CLANG_WARN_DEPRECATED_OBJC_IMPLEMENTATIONS = YES;
				CLANG_WARN_DIRECT_OBJC_ISA_USAGE = YES_ERROR;
				CLANG_WARN_DOCUMENTATION_COMMENTS = YES;
				CLANG_WARN_EMPTY_BODY = YES;
				CLANG_WARN_ENUM_CONVERSION = YES;
				CLANG_WARN_INFINITE_RECURSION = YES;
				CLANG_WARN_INT_CONVERSION = YES;
				CLANG_WARN_NON_LITERAL_NULL_CONVERSION = YES;
				CLANG_WARN_OBJC_IMPLICIT_RETAIN_SELF = YES;
				CLANG_WARN_OBJC_LITERAL_CONVERSION = YES;
				CLANG_WARN_OBJC_ROOT_CLASS = YES_ERROR;
				CLANG_WARN_QUOTED_INCLUDE_IN_FRAMEWORK_HEADER = YES;
				CLANG_WARN_RANGE_LOOP_ANALYSIS = YES;
				CLANG_WARN_STRICT_PROTOTYPES = YES;
				CLANG_WARN_SUSPICIOUS_MOVE = YES;
				CLANG_WARN_UNGUARDED_AVAILABILITY = YES_AGGRESSIVE;
				CLANG_WARN_UNREACHABLE_CODE = YES;
				CLANG_WARN__DUPLICATE_METHOD_MATCH = YES;
				COPY_PHASE_STRIP = NO;
				DEBUG_INFORMATION_FORMAT = dwarf;
				ENABLE_STRICT_OBJC_MSGSEND = YES;
				ENABLE_TESTABILITY = YES;
				ENABLE_USER_SCRIPT_SANDBOXING = YES;
				GCC_C_LANGUAGE_STANDARD = gnu17;
				GCC_DYNAMIC_NO_PIC = NO;
				GCC_NO_COMMON_BLOCKS = YES;
				GCC_OPTIMIZATION_LEVEL = 0;
				GCC_PREPROCESSOR_DEFINITIONS = (
					"DEBUG=1",
					"$(inherited)",
				);
				GCC_WARN_64_TO_32_BIT_CONVERSION = YES;
				GCC_WARN_ABOUT_RETURN_TYPE = YES_ERROR;
				GCC_WARN_UNDECLARED_SELECTOR = YES;
				GCC_WARN_UNINITIALIZED_AUTOS = YES_AGGRESSIVE;
				GCC_WARN_UNUSED_FUNCTION = YES;
				GCC_WARN_UNUSED_VARIABLE = YES;
				IPHONEOS_DEPLOYMENT_TARGET = 26.2;
				LOCALIZATION_PREFERS_STRING_CATALOGS = YES;
				MTL_ENABLE_DEBUG_INFO = INCLUDE_SOURCE;
				MTL_FAST_MATH = YES;
				ONLY_ACTIVE_ARCH = YES;
				SDKROOT = iphoneos;
				SWIFT_ACTIVE_COMPILATION_CONDITIONS = "DEBUG $(inherited)";
				SWIFT_OPTIMIZATION_LEVEL = "-Onone";
			};
			name = Debug;
		};
		C3F67CCD2F579BFA00B9A5CE /* Release */ = {
			isa = XCBuildConfiguration;
			buildSettings = {
				ALWAYS_SEARCH_USER_PATHS = NO;
				ASSETCATALOG_COMPILER_GENERATE_SWIFT_ASSET_SYMBOL_EXTENSIONS = YES;
				CLANG_ANALYZER_NONNULL = YES;
				CLANG_ANALYZER_NUMBER_OBJECT_CONVERSION = YES_AGGRESSIVE;
				CLANG_CXX_LANGUAGE_STANDARD = "gnu++20";
				CLANG_ENABLE_MODULES = YES;
				CLANG_ENABLE_OBJC_ARC = YES;
				CLANG_ENABLE_OBJC_WEAK = YES;
				CLANG_WARN_BLOCK_CAPTURE_AUTORELEASING = YES;
				CLANG_WARN_BOOL_CONVERSION = YES;
				CLANG_WARN_COMMA = YES;
				CLANG_WARN_CONSTANT_CONVERSION = YES;
				CLANG_WARN_DEPRECATED_OBJC_IMPLEMENTATIONS = YES;
				CLANG_WARN_DIRECT_OBJC_ISA_USAGE = YES_ERROR;
				CLANG_WARN_DOCUMENTATION_COMMENTS = YES;
				CLANG_WARN_EMPTY_BODY = YES;
				CLANG_WARN_ENUM_CONVERSION = YES;
				CLANG_WARN_INFINITE_RECURSION = YES;
				CLANG_WARN_INT_CONVERSION = YES;
				CLANG_WARN_NON_LITERAL_NULL_CONVERSION = YES;
				CLANG_WARN_OBJC_IMPLICIT_RETAIN_SELF = YES;
				CLANG_WARN_OBJC_LITERAL_CONVERSION = YES;
				CLANG_WARN_OBJC_ROOT_CLASS = YES_ERROR;
				CLANG_WARN_QUOTED_INCLUDE_IN_FRAMEWORK_HEADER = YES;
				CLANG_WARN_RANGE_LOOP_ANALYSIS = YES;
				CLANG_WARN_STRICT_PROTOTYPES = YES;
				CLANG_WARN_SUSPICIOUS_MOVE = YES;
				CLANG_WARN_UNGUARDED_AVAILABILITY = YES_AGGRESSIVE;
				CLANG_WARN_UNREACHABLE_CODE = YES;
				CLANG_WARN__DUPLICATE_METHOD_MATCH = YES;
				COPY_PHASE_STRIP = NO;
				DEBUG_INFORMATION_FORMAT = "dwarf-with-dsym";
				ENABLE_NS_ASSERTIONS = NO;
				ENABLE_STRICT_OBJC_MSGSEND = YES;
				ENABLE_USER_SCRIPT_SANDBOXING = YES;
				GCC_C_LANGUAGE_STANDARD = gnu17;
				GCC_NO_COMMON_BLOCKS = YES;
				GCC_WARN_64_TO_32_BIT_CONVERSION = YES;
				GCC_WARN_ABOUT_RETURN_TYPE = YES_ERROR;
				GCC_WARN_UNDECLARED_SELECTOR = YES;
				GCC_WARN_UNINITIALIZED_AUTOS = YES_AGGRESSIVE;
				GCC_WARN_UNUSED_FUNCTION = YES;
				GCC_WARN_UNUSED_VARIABLE = YES;
				IPHONEOS_DEPLOYMENT_TARGET = 26.2;
				LOCALIZATION_PREFERS_STRING_CATALOGS = YES;
				MTL_ENABLE_DEBUG_INFO = NO;
				MTL_FAST_MATH = YES;
				SDKROOT = iphoneos;
				SWIFT_COMPILATION_MODE = wholemodule;
				VALIDATE_PRODUCT = YES;
			};
			name = Release;
		};
		C3F67CCF2F579BFA00B9A5CE /* Debug */ = {
			isa = XCBuildConfiguration;
			buildSettings = {
				ASSETCATALOG_COMPILER_APPICON_NAME = AppIcon;
				ASSETCATALOG_COMPILER_GLOBAL_ACCENT_COLOR_NAME = AccentColor;
				CODE_SIGN_STYLE = Automatic;
				CURRENT_PROJECT_VERSION = 1;
				DEVELOPMENT_TEAM = "";
				ENABLE_PREVIEWS = YES;
				GENERATE_INFOPLIST_FILE = YES;
				INFOPLIST_KEY_UIApplicationSceneManifest_Generation = YES;
				INFOPLIST_KEY_UIApplicationSupportsIndirectInputEvents = YES;
				INFOPLIST_KEY_UILaunchScreen_Generation = YES;
				INFOPLIST_KEY_UISupportedInterfaceOrientations_iPad = "UIInterfaceOrientationPortrait UIInterfaceOrientationPortraitUpsideDown UIInterfaceOrientationLandscapeLeft UIInterfaceOrientationLandscapeRight";
				INFOPLIST_KEY_UISupportedInterfaceOrientations_iPhone = "UIInterfaceOrientationPortrait UIInterfaceOrientationLandscapeLeft UIInterfaceOrientationLandscapeRight";
				LD_RUNPATH_SEARCH_PATHS = (
					"$(inherited)",
					"@executable_path/Frameworks",
				);
				MARKETING_VERSION = 1.0;
				PRODUCT_BUNDLE_IDENTIFIER = edu.macalester.SocialLocations;
				PRODUCT_NAME = "$(TARGET_NAME)";
				STRING_CATALOG_GENERATE_SYMBOLS = YES;
				SWIFT_APPROACHABLE_CONCURRENCY = YES;
				SWIFT_DEFAULT_ACTOR_ISOLATION = MainActor;
				SWIFT_EMIT_LOC_STRINGS = YES;
				SWIFT_UPCOMING_FEATURE_MEMBER_IMPORT_VISIBILITY = YES;
				SWIFT_VERSION = 5.0;
				TARGETED_DEVICE_FAMILY = "1,2";
			};
			name = Debug;
		};
		C3F67CD02F579BFA00B9A5CE /* Release */ = {
			isa = XCBuildConfiguration;
			buildSettings = {
				ASSETCATALOG_COMPILER_APPICON_NAME = AppIcon;
				ASSETCATALOG_COMPILER_GLOBAL_ACCENT_COLOR_NAME = AccentColor;
				CODE_SIGN_STYLE = Automatic;
				CURRENT_PROJECT_VERSION = 1;
				DEVELOPMENT_TEAM = "";
				ENABLE_PREVIEWS = YES;
				GENERATE_INFOPLIST_FILE = YES;
				INFOPLIST_KEY_UIApplicationSceneManifest_Generation = YES;
				INFOPLIST_KEY_UIApplicationSupportsIndirectInputEvents = YES;
				INFOPLIST_KEY_UILaunchScreen_Generation = YES;
				INFOPLIST_KEY_UISupportedInterfaceOrientations_iPad = "UIInterfaceOrientationPortrait UIInterfaceOrientationPortraitUpsideDown UIInterfaceOrientationLandscapeLeft UIInterfaceOrientationLandscapeRight";
				INFOPLIST_KEY_UISupportedInterfaceOrientations_iPhone = "UIInterfaceOrientationPortrait UIInterfaceOrientationLandscapeLeft UIInterfaceOrientationLandscapeRight";
				LD_RUNPATH_SEARCH_PATHS = (
					"$(inherited)",
					"@executable_path/Frameworks",
				);
				MARKETING_VERSION = 1.0;
				PRODUCT_BUNDLE_IDENTIFIER = edu.macalester.SocialLocations;
				PRODUCT_NAME = "$(TARGET_NAME)";
				STRING_CATALOG_GENERATE_SYMBOLS = YES;
				SWIFT_APPROACHABLE_CONCURRENCY = YES;
				SWIFT_DEFAULT_ACTOR_ISOLATION = MainActor;
				SWIFT_EMIT_LOC_STRINGS = YES;
				SWIFT_UPCOMING_FEATURE_MEMBER_IMPORT_VISIBILITY = YES;
				SWIFT_VERSION = 5.0;
				TARGETED_DEVICE_FAMILY = "1,2";
			};
			name = Release;
		};
		C3F67CD22F579BFA00B9A5CE /* Debug */ = {
			isa = XCBuildConfiguration;
			buildSettings = {
				BUNDLE_LOADER = "$(TEST_HOST)";
				CODE_SIGN_STYLE = Automatic;
				CURRENT_PROJECT_VERSION = 1;
				GENERATE_INFOPLIST_FILE = YES;
				IPHONEOS_DEPLOYMENT_TARGET = 26.2;
				MARKETING_VERSION = 1.0;
				PRODUCT_BUNDLE_IDENTIFIER = edu.macalester.SocialLocationsTests;
				PRODUCT_NAME = "$(TARGET_NAME)";
				STRING_CATALOG_GENERATE_SYMBOLS = NO;
				SWIFT_APPROACHABLE_CONCURRENCY = YES;
				SWIFT_EMIT_LOC_STRINGS = NO;
				SWIFT_UPCOMING_FEATURE_MEMBER_IMPORT_VISIBILITY = YES;
				SWIFT_VERSION = 5.0;
				TARGETED_DEVICE_FAMILY = "1,2";
				TEST_HOST = "$(BUILT_PRODUCTS_DIR)/SocialLocations.app/$(BUNDLE_EXECUTABLE_FOLDER_PATH)/SocialLocations";
			};
			name = Debug;
		};
		C3F67CD32F579BFA00B9A5CE /* Release */ = {
			isa = XCBuildConfiguration;
			buildSettings = {
				BUNDLE_LOADER = "$(TEST_HOST)";
				CODE_SIGN_STYLE = Automatic;
				CURRENT_PROJECT_VERSION = 1;
				GENERATE_INFOPLIST_FILE = YES;
				IPHONEOS_DEPLOYMENT_TARGET = 26.2;
				MARKETING_VERSION = 1.0;
				PRODUCT_BUNDLE_IDENTIFIER = edu.macalester.SocialLocationsTests;
				PRODUCT_NAME = "$(TARGET_NAME)";
				STRING_CATALOG_GENERATE_SYMBOLS = NO;
				SWIFT_APPROACHABLE_CONCURRENCY = YES;
				SWIFT_EMIT_LOC_STRINGS = NO;
				SWIFT_UPCOMING_FEATURE_MEMBER_IMPORT_VISIBILITY = YES;
				SWIFT_VERSION = 5.0;
				TARGETED_DEVICE_FAMILY = "1,2";
				TEST_HOST = "$(BUILT_PRODUCTS_DIR)/SocialLocations.app/$(BUNDLE_EXECUTABLE_FOLDER_PATH)/SocialLocations";
			};
			name = Release;
		};
		C3F67CD52F579BFA00B9A5CE /* Debug */ = {
			isa = XCBuildConfiguration;
			buildSettings = {
				CODE_SIGN_STYLE = Automatic;
				CURRENT_PROJECT_VERSION = 1;
				GENERATE_INFOPLIST_FILE = YES;
				MARKETING_VERSION = 1.0;
				PRODUCT_BUNDLE_IDENTIFIER = edu.macalester.SocialLocationsUITests;
				PRODUCT_NAME = "$(TARGET_NAME)";
				STRING_CATALOG_GENERATE_SYMBOLS = NO;
				SWIFT_APPROACHABLE_CONCURRENCY = YES;
				SWIFT_EMIT_LOC_STRINGS = NO;
				SWIFT_UPCOMING_FEATURE_MEMBER_IMPORT_VISIBILITY = YES;
				SWIFT_VERSION = 5.0;
				TARGETED_DEVICE_FAMILY = "1,2";
				TEST_TARGET_NAME = SocialLocations;
			};
			name = Debug;
		};
		C3F67CD62F579BFA00B9A5CE /* Release */ = {
			isa = XCBuildConfiguration;
			buildSettings = {
				CODE_SIGN_STYLE = Automatic;
				CURRENT_PROJECT_VERSION = 1;
				GENERATE_INFOPLIST_FILE = YES;
				MARKETING_VERSION = 1.0;
				PRODUCT_BUNDLE_IDENTIFIER = edu.macalester.SocialLocationsUITests;
				PRODUCT_NAME = "$(TARGET_NAME)";
				STRING_CATALOG_GENERATE_SYMBOLS = NO;
				SWIFT_APPROACHABLE_CONCURRENCY = YES;
				SWIFT_EMIT_LOC_STRINGS = NO;
				SWIFT_UPCOMING_FEATURE_MEMBER_IMPORT_VISIBILITY = YES;
				SWIFT_VERSION = 5.0;
				TARGETED_DEVICE_FAMILY = "1,2";
				TEST_TARGET_NAME = SocialLocations;
			};
			name = Release;
		};
/* End XCBuildConfiguration section */

/* Begin XCConfigurationList section */
		C3F67CA82F579BF800B9A5CE /* Build configuration list for PBXProject "SocialLocations" */ = {
			isa = XCConfigurationList;
			buildConfigurations = (
				C3F67CCC2F579BFA00B9A5CE /* Debug */,
				C3F67CCD2F579BFA00B9A5CE /* Release */,
			);
			defaultConfigurationIsVisible = 0;
			defaultConfigurationName = Release;
		};
		C3F67CCE2F579BFA00B9A5CE /* Build configuration list for PBXNativeTarget "SocialLocations" */ = {
			isa = XCConfigurationList;
			buildConfigurations = (
				C3F67CCF2F579BFA00B9A5CE /* Debug */,
				C3F67CD02F579BFA00B9A5CE /* Release */,
			);
			defaultConfigurationIsVisible = 0;
			defaultConfigurationName = Release;
		};
		C3F67CD12F579BFA00B9A5CE /* Build configuration list for PBXNativeTarget "SocialLocationsTests" */ = {
			isa = XCConfigurationList;
			buildConfigurations = (
				C3F67CD22F579BFA00B9A5CE /* Debug */,
				C3F67CD32F579BFA00B9A5CE /* Release */,
			);
			defaultConfigurationIsVisible = 0;
			defaultConfigurationName = Release;
		};
		C3F67CD42F579BFA00B9A5CE /* Build configuration list for PBXNativeTarget "SocialLocationsUITests" */ = {
			isa = XCConfigurationList;
			buildConfigurations = (
				C3F67CD52F579BFA00B9A5CE /* Debug */,
				C3F67CD62F579BFA00B9A5CE /* Release */,
			);
			defaultConfigurationIsVisible = 0;
			defaultConfigurationName = Release;
		};
/* End XCConfigurationList section */

/* Begin XCRemoteSwiftPackageReference section */
		924555202F646D43004BC7AC /* XCRemoteSwiftPackageReference "firebase-ios-sdk" */ = {
			isa = XCRemoteSwiftPackageReference;
			repositoryURL = "https://github.com/firebase/firebase-ios-sdk";
			requirement = {
				kind = upToNextMajorVersion;
				minimumVersion = 12.10.0;
			};
		};
/* End XCRemoteSwiftPackageReference section */

/* Begin XCSwiftPackageProductDependency section */
		924555242F647313004BC7AC /* FirebaseCore */ = {
			isa = XCSwiftPackageProductDependency;
			package = 924555202F646D43004BC7AC /* XCRemoteSwiftPackageReference "firebase-ios-sdk" */;
			productName = FirebaseCore;
		};
		924555262F647320004BC7AC /* FirebaseAuth */ = {
			isa = XCSwiftPackageProductDependency;
			package = 924555202F646D43004BC7AC /* XCRemoteSwiftPackageReference "firebase-ios-sdk" */;
			productName = FirebaseAuth;
		};
		924555282F647328004BC7AC /* FirebaseFirestore */ = {
			isa = XCSwiftPackageProductDependency;
			package = 924555202F646D43004BC7AC /* XCRemoteSwiftPackageReference "firebase-ios-sdk" */;
			productName = FirebaseFirestore;
		};
/* End XCSwiftPackageProductDependency section */
	};
	rootObject = C3F67CA52F579BF800B9A5CE /* Project object */;
}
